# This file is automatically @generated by Cargo.
# It is not intended for manual editing.
version = 3

[[package]]
name = "aggregates"
version = "0.1.0"

[[package]]
name = "data_types"
version = "0.1.0"

[[package]]
name = "floats"
version = "0.1.0"

[[package]]
name = "integers"
version = "0.1.0"

[[package]]
name = "memory"
version = "0.1.0"

[[package]]
name = "print"
version = "0.1.0"

[[package]]
name = "strings"
version = "0.1.0"

[[package]]
name = "struts"
version = "0.1.0"
